
Microsoft Visual Studio Solution File, Format Version 12.00
# Visual Studio Version 16
VisualStudioVersion = 16.0.31624.102
MinimumVisualStudioVersion = 10.0.40219.1
Project("{9A19103F-16F7-4668-BE54-9A1E7A4F7556}") = "E_Commerse_Suta_WebAPI", "E_Commerse_Suta_WebAPI\E_Commerse_Suta_WebAPI.csproj", "{6B707CF1-3700-425E-A773-A45E5C467E26}"
EndProject
Project("{9A19103F-16F7-4668-BE54-9A1E7A4F7556}") = "SutawebAPI_Repository", "SutawebAPI_Repository\SutawebAPI_Repository.csproj", "{3D91BFBF-83FF-4E4C-BC09-E214CC4A171D}"
EndProject
Project("{9A19103F-16F7-4668-BE54-9A1E7A4F7556}") = "SutaWebAPI_Common", "SutaWebAPI_Common\SutaWebAPI_Common.csproj", "{5D8A56AE-2796-4A1F-BE55-4199909B5EE5}"
EndProject
Project("{9A19103F-16F7-4668-BE54-9A1E7A4F7556}") = "SutaWebAPI_Model", "SutaWebAPI_Model\SutaWebAPI_Model.csproj", "{896E9536-EB0A-4F2F-AE39-BC0A4A74218B}"
EndProject
Global
	GlobalSection(SolutionConfigurationPlatforms) = preSolution
		Debug|Any CPU = Debug|Any CPU
		Release|Any CPU = Release|Any CPU
	EndGlobalSection
	GlobalSection(ProjectConfigurationPlatforms) = postSolution
		{6B707CF1-3700-425E-A773-A45E5C467E26}.Debug|Any CPU.ActiveCfg = Debug|Any CPU
		{6B707CF1-3700-425E-A773-A45E5C467E26}.Debug|Any CPU.Build.0 = Debug|Any CPU
		{6B707CF1-3700-425E-A773-A45E5C467E26}.Release|Any CPU.ActiveCfg = Release|Any CPU
		{6B707CF1-3700-425E-A773-A45E5C467E26}.Release|Any CPU.Build.0 = Release|Any CPU
		{3D91BFBF-83FF-4E4C-BC09-E214CC4A171D}.Debug|Any CPU.ActiveCfg = Debug|Any CPU
		{3D91BFBF-83FF-4E4C-BC09-E214CC4A171D}.Debug|Any CPU.Build.0 = Debug|Any CPU
		{3D91BFBF-83FF-4E4C-BC09-E214CC4A171D}.Release|Any CPU.ActiveCfg = Release|Any CPU
		{3D91BFBF-83FF-4E4C-BC09-E214CC4A171D}.Release|Any CPU.Build.0 = Release|Any CPU
		{5D8A56AE-2796-4A1F-BE55-4199909B5EE5}.Debug|Any CPU.ActiveCfg = Debug|Any CPU
		{5D8A56AE-2796-4A1F-BE55-4199909B5EE5}.Debug|Any CPU.Build.0 = Debug|Any CPU
		{5D8A56AE-2796-4A1F-BE55-4199909B5EE5}.Release|Any CPU.ActiveCfg = Release|Any CPU
		{5D8A56AE-2796-4A1F-BE55-4199909B5EE5}.Release|Any CPU.Build.0 = Release|Any CPU
		{896E9536-EB0A-4F2F-AE39-BC0A4A74218B}.Debug|Any CPU.ActiveCfg = Debug|Any CPU
		{896E9536-EB0A-4F2F-AE39-BC0A4A74218B}.Debug|Any CPU.Build.0 = Debug|Any CPU
		{896E9536-EB0A-4F2F-AE39-BC0A4A74218B}.Release|Any CPU.ActiveCfg = Release|Any CPU
		{896E9536-EB0A-4F2F-AE39-BC0A4A74218B}.Release|Any CPU.Build.0 = Release|Any CPU
	EndGlobalSection
	GlobalSection(SolutionProperties) = preSolution
		HideSolutionNode = FALSE
	EndGlobalSection
	GlobalSection(ExtensibilityGlobals) = postSolution
		SolutionGuid = {1B06F1D4-867D-4749-8DAD-E9DD15D21572}
	EndGlobalSection
EndGlobal
